
Microsoft Visual Studio Solution File, Format Version 12.00
# Visual Studio 15
VisualStudioVersion = 15.0.27428.2043
MinimumVisualStudioVersion = 10.0.40219.1
Project("{9A19103F-16F7-4668-BE54-9A1E7A4F7556}") = "HappyDog.Api", "HappyDog.Api\HappyDog.Api.csproj", "{7233C794-73E2-422B-9A6A-5CFC1C42A65E}"
EndProject
Project("{9A19103F-16F7-4668-BE54-9A1E7A4F7556}") = "HappyDog.Domain", "HappyDog.Domain\HappyDog.Domain.csproj", "{F54F9B7B-9AB0-49F6-AF7F-D51C71B82CB5}"
EndProject
Project("{9A19103F-16F7-4668-BE54-9A1E7A4F7556}") = "HappyDog.Infrastructure", "HappyDog.Infrastructure\HappyDog.Infrastructure.csproj", "{44B39FEB-D9C2-456E-AE7A-E33B8A5ABB39}"
EndProject
Project("{9A19103F-16F7-4668-BE54-9A1E7A4F7556}") = "HappyDog.Api.Test", "HappyDog.Api.Test\HappyDog.Api.Test.csproj", "{00B0F58F-010B-49F4-A136-3CA47208AB3B}"
EndProject
Project("{FAE04EC0-301F-11D3-BF4B-00C04F79EFBC}") = "HappyDog.WindowsUI", "HappyDog.WindowsUI\HappyDog.WindowsUI.csproj", "{8AC7E53B-893C-4DF9-8D46-28076341CDA9}"
EndProject
Project("{FAE04EC0-301F-11D3-BF4B-00C04F79EFBC}") = "HappyDog.Tools", "HappyDog.Tools\HappyDog.Tools.csproj", "{B70D3DCD-077F-4348-B353-3C2F90FD373F}"
EndProject
Project("{9A19103F-16F7-4668-BE54-9A1E7A4F7556}") = "HappyDog.WebUI", "HappyDog.WebUI\HappyDog.WebUI.csproj", "{AB6907C7-DDC8-4ABD-AF8A-EAE7E6CE29F3}"
EndProject
Project("{9A19103F-16F7-4668-BE54-9A1E7A4F7556}") = "HappyDog.WebUI.Test", "HappyDog.WebUI.Test\HappyDog.WebUI.Test.csproj", "{3365C027-78B8-427B-9EB0-BAA5CD2CDBE4}"
EndProject
Project("{2150E333-8FDC-42A3-9474-1A3956D46DE8}") = "Console", "Console", "{EDD60591-CBF6-4123-B289-553D7482B34C}"
EndProject
Project("{9A19103F-16F7-4668-BE54-9A1E7A4F7556}") = "HappyDog.RecoverData", "HappyDog.RecoverData\HappyDog.RecoverData.csproj", "{29A3B2C4-EAC3-4D5A-A78F-44EEC18EFC8E}"
EndProject
Project("{2150E333-8FDC-42A3-9474-1A3956D46DE8}") = "Search", "Search", "{18B2B344-9C47-43FA-A95E-487B59419747}"
EndProject
Global
	GlobalSection(SolutionConfigurationPlatforms) = preSolution
		Debug|Any CPU = Debug|Any CPU
		Debug|ARM = Debug|ARM
		Debug|x64 = Debug|x64
		Debug|x86 = Debug|x86
		Release|Any CPU = Release|Any CPU
		Release|ARM = Release|ARM
		Release|x64 = Release|x64
		Release|x86 = Release|x86
	EndGlobalSection
	GlobalSection(ProjectConfigurationPlatforms) = postSolution
		{7233C794-73E2-422B-9A6A-5CFC1C42A65E}.Debug|Any CPU.ActiveCfg = Debug|Any CPU
		{7233C794-73E2-422B-9A6A-5CFC1C42A65E}.Debug|Any CPU.Build.0 = Debug|Any CPU
		{7233C794-73E2-422B-9A6A-5CFC1C42A65E}.Debug|ARM.ActiveCfg = Debug|Any CPU
		{7233C794-73E2-422B-9A6A-5CFC1C42A65E}.Debug|ARM.Build.0 = Debug|Any CPU
		{7233C794-73E2-422B-9A6A-5CFC1C42A65E}.Debug|x64.ActiveCfg = Debug|Any CPU
		{7233C794-73E2-422B-9A6A-5CFC1C42A65E}.Debug|x64.Build.0 = Debug|Any CPU
		{7233C794-73E2-422B-9A6A-5CFC1C42A65E}.Debug|x86.ActiveCfg = Debug|Any CPU
		{7233C794-73E2-422B-9A6A-5CFC1C42A65E}.Debug|x86.Build.0 = Debug|Any CPU
		{7233C794-73E2-422B-9A6A-5CFC1C42A65E}.Release|Any CPU.ActiveCfg = Release|Any CPU
		{7233C794-73E2-422B-9A6A-5CFC1C42A65E}.Release|Any CPU.Build.0 = Release|Any CPU
		{7233C794-73E2-422B-9A6A-5CFC1C42A65E}.Release|ARM.ActiveCfg = Release|Any CPU
		{7233C794-73E2-422B-9A6A-5CFC1C42A65E}.Release|ARM.Build.0 = Release|Any CPU
		{7233C794-73E2-422B-9A6A-5CFC1C42A65E}.Release|x64.ActiveCfg = Release|Any CPU
		{7233C794-73E2-422B-9A6A-5CFC1C42A65E}.Release|x64.Build.0 = Release|Any CPU
		{7233C794-73E2-422B-9A6A-5CFC1C42A65E}.Release|x86.ActiveCfg = Release|Any CPU
		{7233C794-73E2-422B-9A6A-5CFC1C42A65E}.Release|x86.Build.0 = Release|Any CPU
		{F54F9B7B-9AB0-49F6-AF7F-D51C71B82CB5}.Debug|Any CPU.ActiveCfg = Debug|Any CPU
		{F54F9B7B-9AB0-49F6-AF7F-D51C71B82CB5}.Debug|Any CPU.Build.0 = Debug|Any CPU
		{F54F9B7B-9AB0-49F6-AF7F-D51C71B82CB5}.Debug|ARM.ActiveCfg = Debug|Any CPU
		{F54F9B7B-9AB0-49F6-AF7F-D51C71B82CB5}.Debug|ARM.Build.0 = Debug|Any CPU
		{F54F9B7B-9AB0-49F6-AF7F-D51C71B82CB5}.Debug|x64.ActiveCfg = Debug|Any CPU
		{F54F9B7B-9AB0-49F6-AF7F-D51C71B82CB5}.Debug|x64.Build.0 = Debug|Any CPU
		{F54F9B7B-9AB0-49F6-AF7F-D51C71B82CB5}.Debug|x86.ActiveCfg = Debug|Any CPU
		{F54F9B7B-9AB0-49F6-AF7F-D51C71B82CB5}.Debug|x86.Build.0 = Debug|Any CPU
		{F54F9B7B-9AB0-49F6-AF7F-D51C71B82CB5}.Release|Any CPU.ActiveCfg = Release|Any CPU
		{F54F9B7B-9AB0-49F6-AF7F-D51C71B82CB5}.Release|Any CPU.Build.0 = Release|Any CPU
		{F54F9B7B-9AB0-49F6-AF7F-D51C71B82CB5}.Release|ARM.ActiveCfg = Release|Any CPU
		{F54F9B7B-9AB0-49F6-AF7F-D51C71B82CB5}.Release|ARM.Build.0 = Release|Any CPU
		{F54F9B7B-9AB0-49F6-AF7F-D51C71B82CB5}.Release|x64.ActiveCfg = Release|Any CPU
		{F54F9B7B-9AB0-49F6-AF7F-D51C71B82CB5}.Release|x64.Build.0 = Release|Any CPU
		{F54F9B7B-9AB0-49F6-AF7F-D51C71B82CB5}.Release|x86.ActiveCfg = Release|Any CPU
		{F54F9B7B-9AB0-49F6-AF7F-D51C71B82CB5}.Release|x86.Build.0 = Release|Any CPU
		{44B39FEB-D9C2-456E-AE7A-E33B8A5ABB39}.Debug|Any CPU.ActiveCfg = Debug|Any CPU
		{44B39FEB-D9C2-456E-AE7A-E33B8A5ABB39}.Debug|Any CPU.Build.0 = Debug|Any CPU
		{44B39FEB-D9C2-456E-AE7A-E33B8A5ABB39}.Debug|ARM.ActiveCfg = Debug|Any CPU
		{44B39FEB-D9C2-456E-AE7A-E33B8A5ABB39}.Debug|ARM.Build.0 = Debug|Any CPU
		{44B39FEB-D9C2-456E-AE7A-E33B8A5ABB39}.Debug|x64.ActiveCfg = Debug|Any CPU
		{44B39FEB-D9C2-456E-AE7A-E33B8A5ABB39}.Debug|x64.Build.0 = Debug|Any CPU
		{44B39FEB-D9C2-456E-AE7A-E33B8A5ABB39}.Debug|x86.ActiveCfg = Debug|Any CPU
		{44B39FEB-D9C2-456E-AE7A-E33B8A5ABB39}.Debug|x86.Build.0 = Debug|Any CPU
		{44B39FEB-D9C2-456E-AE7A-E33B8A5ABB39}.Release|Any CPU.ActiveCfg = Release|Any CPU
		{44B39FEB-D9C2-456E-AE7A-E33B8A5ABB39}.Release|Any CPU.Build.0 = Release|Any CPU
		{44B39FEB-D9C2-456E-AE7A-E33B8A5ABB39}.Release|ARM.ActiveCfg = Release|Any CPU
		{44B39FEB-D9C2-456E-AE7A-E33B8A5ABB39}.Release|ARM.Build.0 = Release|Any CPU
		{44B39FEB-D9C2-456E-AE7A-E33B8A5ABB39}.Release|x64.ActiveCfg = Release|Any CPU
		{44B39FEB-D9C2-456E-AE7A-E33B8A5ABB39}.Release|x64.Build.0 = Release|Any CPU
		{44B39FEB-D9C2-456E-AE7A-E33B8A5ABB39}.Release|x86.ActiveCfg = Release|Any CPU
		{44B39FEB-D9C2-456E-AE7A-E33B8A5ABB39}.Release|x86.Build.0 = Release|Any CPU
		{00B0F58F-010B-49F4-A136-3CA47208AB3B}.Debug|Any CPU.ActiveCfg = Debug|Any CPU
		{00B0F58F-010B-49F4-A136-3CA47208AB3B}.Debug|Any CPU.Build.0 = Debug|Any CPU
		{00B0F58F-010B-49F4-A136-3CA47208AB3B}.Debug|ARM.ActiveCfg = Debug|Any CPU
		{00B0F58F-010B-49F4-A136-3CA47208AB3B}.Debug|ARM.Build.0 = Debug|Any CPU
		{00B0F58F-010B-49F4-A136-3CA47208AB3B}.Debug|x64.ActiveCfg = Debug|Any CPU
		{00B0F58F-010B-49F4-A136-3CA47208AB3B}.Debug|x64.Build.0 = Debug|Any CPU
		{00B0F58F-010B-49F4-A136-3CA47208AB3B}.Debug|x86.ActiveCfg = Debug|Any CPU
		{00B0F58F-010B-49F4-A136-3CA47208AB3B}.Debug|x86.Build.0 = Debug|Any CPU
		{00B0F58F-010B-49F4-A136-3CA47208AB3B}.Release|Any CPU.ActiveCfg = Release|Any CPU
		{00B0F58F-010B-49F4-A136-3CA47208AB3B}.Release|Any CPU.Build.0 = Release|Any CPU
		{00B0F58F-010B-49F4-A136-3CA47208AB3B}.Release|ARM.ActiveCfg = Release|Any CPU
		{00B0F58F-010B-49F4-A136-3CA47208AB3B}.Release|ARM.Build.0 = Release|Any CPU
		{00B0F58F-010B-49F4-A136-3CA47208AB3B}.Release|x64.ActiveCfg = Release|Any CPU
		{00B0F58F-010B-49F4-A136-3CA47208AB3B}.Release|x64.Build.0 = Release|Any CPU
		{00B0F58F-010B-49F4-A136-3CA47208AB3B}.Release|x86.ActiveCfg = Release|Any CPU
		{00B0F58F-010B-49F4-A136-3CA47208AB3B}.Release|x86.Build.0 = Release|Any CPU
		{8AC7E53B-893C-4DF9-8D46-28076341CDA9}.Debug|Any CPU.ActiveCfg = Debug|x86
		{8AC7E53B-893C-4DF9-8D46-28076341CDA9}.Debug|ARM.ActiveCfg = Debug|ARM
		{8AC7E53B-893C-4DF9-8D46-28076341CDA9}.Debug|ARM.Build.0 = Debug|ARM
		{8AC7E53B-893C-4DF9-8D46-28076341CDA9}.Debug|ARM.Deploy.0 = Debug|ARM
		{8AC7E53B-893C-4DF9-8D46-28076341CDA9}.Debug|x64.ActiveCfg = Debug|x64
		{8AC7E53B-893C-4DF9-8D46-28076341CDA9}.Debug|x64.Build.0 = Debug|x64
		{8AC7E53B-893C-4DF9-8D46-28076341CDA9}.Debug|x64.Deploy.0 = Debug|x64
		{8AC7E53B-893C-4DF9-8D46-28076341CDA9}.Debug|x86.ActiveCfg = Debug|x86
		{8AC7E53B-893C-4DF9-8D46-28076341CDA9}.Debug|x86.Build.0 = Debug|x86
		{8AC7E53B-893C-4DF9-8D46-28076341CDA9}.Debug|x86.Deploy.0 = Debug|x86
		{8AC7E53B-893C-4DF9-8D46-28076341CDA9}.Release|Any CPU.ActiveCfg = Release|x86
		{8AC7E53B-893C-4DF9-8D46-28076341CDA9}.Release|ARM.ActiveCfg = Release|ARM
		{8AC7E53B-893C-4DF9-8D46-28076341CDA9}.Release|ARM.Build.0 = Release|ARM
		{8AC7E53B-893C-4DF9-8D46-28076341CDA9}.Release|ARM.Deploy.0 = Release|ARM
		{8AC7E53B-893C-4DF9-8D46-28076341CDA9}.Release|x64.ActiveCfg = Release|x64
		{8AC7E53B-893C-4DF9-8D46-28076341CDA9}.Release|x64.Build.0 = Release|x64
		{8AC7E53B-893C-4DF9-8D46-28076341CDA9}.Release|x64.Deploy.0 = Release|x64
		{8AC7E53B-893C-4DF9-8D46-28076341CDA9}.Release|x86.ActiveCfg = Release|x86
		{8AC7E53B-893C-4DF9-8D46-28076341CDA9}.Release|x86.Build.0 = Release|x86
		{8AC7E53B-893C-4DF9-8D46-28076341CDA9}.Release|x86.Deploy.0 = Release|x86
		{B70D3DCD-077F-4348-B353-3C2F90FD373F}.Debug|Any CPU.ActiveCfg = Debug|x86
		{B70D3DCD-077F-4348-B353-3C2F90FD373F}.Debug|ARM.ActiveCfg = Debug|ARM
		{B70D3DCD-077F-4348-B353-3C2F90FD373F}.Debug|ARM.Build.0 = Debug|ARM
		{B70D3DCD-077F-4348-B353-3C2F90FD373F}.Debug|ARM.Deploy.0 = Debug|ARM
		{B70D3DCD-077F-4348-B353-3C2F90FD373F}.Debug|x64.ActiveCfg = Debug|x64
		{B70D3DCD-077F-4348-B353-3C2F90FD373F}.Debug|x64.Build.0 = Debug|x64
		{B70D3DCD-077F-4348-B353-3C2F90FD373F}.Debug|x64.Deploy.0 = Debug|x64
		{B70D3DCD-077F-4348-B353-3C2F90FD373F}.Debug|x86.ActiveCfg = Debug|x86
		{B70D3DCD-077F-4348-B353-3C2F90FD373F}.Debug|x86.Build.0 = Debug|x86
		{B70D3DCD-077F-4348-B353-3C2F90FD373F}.Debug|x86.Deploy.0 = Debug|x86
		{B70D3DCD-077F-4348-B353-3C2F90FD373F}.Release|Any CPU.ActiveCfg = Release|x86
		{B70D3DCD-077F-4348-B353-3C2F90FD373F}.Release|ARM.ActiveCfg = Release|ARM
		{B70D3DCD-077F-4348-B353-3C2F90FD373F}.Release|ARM.Build.0 = Release|ARM
		{B70D3DCD-077F-4348-B353-3C2F90FD373F}.Release|ARM.Deploy.0 = Release|ARM
		{B70D3DCD-077F-4348-B353-3C2F90FD373F}.Release|x64.ActiveCfg = Release|x64
		{B70D3DCD-077F-4348-B353-3C2F90FD373F}.Release|x64.Build.0 = Release|x64
		{B70D3DCD-077F-4348-B353-3C2F90FD373F}.Release|x64.Deploy.0 = Release|x64
		{B70D3DCD-077F-4348-B353-3C2F90FD373F}.Release|x86.ActiveCfg = Release|x86
		{B70D3DCD-077F-4348-B353-3C2F90FD373F}.Release|x86.Build.0 = Release|x86
		{B70D3DCD-077F-4348-B353-3C2F90FD373F}.Release|x86.Deploy.0 = Release|x86
		{AB6907C7-DDC8-4ABD-AF8A-EAE7E6CE29F3}.Debug|Any CPU.ActiveCfg = Debug|Any CPU
		{AB6907C7-DDC8-4ABD-AF8A-EAE7E6CE29F3}.Debug|Any CPU.Build.0 = Debug|Any CPU
		{AB6907C7-DDC8-4ABD-AF8A-EAE7E6CE29F3}.Debug|ARM.ActiveCfg = Debug|Any CPU
		{AB6907C7-DDC8-4ABD-AF8A-EAE7E6CE29F3}.Debug|ARM.Build.0 = Debug|Any CPU
		{AB6907C7-DDC8-4ABD-AF8A-EAE7E6CE29F3}.Debug|x64.ActiveCfg = Debug|Any CPU
		{AB6907C7-DDC8-4ABD-AF8A-EAE7E6CE29F3}.Debug|x64.Build.0 = Debug|Any CPU
		{AB6907C7-DDC8-4ABD-AF8A-EAE7E6CE29F3}.Debug|x86.ActiveCfg = Debug|Any CPU
		{AB6907C7-DDC8-4ABD-AF8A-EAE7E6CE29F3}.Debug|x86.Build.0 = Debug|Any CPU
		{AB6907C7-DDC8-4ABD-AF8A-EAE7E6CE29F3}.Release|Any CPU.ActiveCfg = Release|Any CPU
		{AB6907C7-DDC8-4ABD-AF8A-EAE7E6CE29F3}.Release|Any CPU.Build.0 = Release|Any CPU
		{AB6907C7-DDC8-4ABD-AF8A-EAE7E6CE29F3}.Release|ARM.ActiveCfg = Release|Any CPU
		{AB6907C7-DDC8-4ABD-AF8A-EAE7E6CE29F3}.Release|ARM.Build.0 = Release|Any CPU
		{AB6907C7-DDC8-4ABD-AF8A-EAE7E6CE29F3}.Release|x64.ActiveCfg = Release|Any CPU
		{AB6907C7-DDC8-4ABD-AF8A-EAE7E6CE29F3}.Release|x64.Build.0 = Release|Any CPU
		{AB6907C7-DDC8-4ABD-AF8A-EAE7E6CE29F3}.Release|x86.ActiveCfg = Release|Any CPU
		{AB6907C7-DDC8-4ABD-AF8A-EAE7E6CE29F3}.Release|x86.Build.0 = Release|Any CPU
		{3365C027-78B8-427B-9EB0-BAA5CD2CDBE4}.Debug|Any CPU.ActiveCfg = Debug|Any CPU
		{3365C027-78B8-427B-9EB0-BAA5CD2CDBE4}.Debug|Any CPU.Build.0 = Debug|Any CPU
		{3365C027-78B8-427B-9EB0-BAA5CD2CDBE4}.Debug|ARM.ActiveCfg = Debug|Any CPU
		{3365C027-78B8-427B-9EB0-BAA5CD2CDBE4}.Debug|ARM.Build.0 = Debug|Any CPU
		{3365C027-78B8-427B-9EB0-BAA5CD2CDBE4}.Debug|x64.ActiveCfg = Debug|Any CPU
		{3365C027-78B8-427B-9EB0-BAA5CD2CDBE4}.Debug|x64.Build.0 = Debug|Any CPU
		{3365C027-78B8-427B-9EB0-BAA5CD2CDBE4}.Debug|x86.ActiveCfg = Debug|Any CPU
		{3365C027-78B8-427B-9EB0-BAA5CD2CDBE4}.Debug|x86.Build.0 = Debug|Any CPU
		{3365C027-78B8-427B-9EB0-BAA5CD2CDBE4}.Release|Any CPU.ActiveCfg = Release|Any CPU
		{3365C027-78B8-427B-9EB0-BAA5CD2CDBE4}.Release|Any CPU.Build.0 = Release|Any CPU
		{3365C027-78B8-427B-9EB0-BAA5CD2CDBE4}.Release|ARM.ActiveCfg = Release|Any CPU
		{3365C027-78B8-427B-9EB0-BAA5CD2CDBE4}.Release|ARM.Build.0 = Release|Any CPU
		{3365C027-78B8-427B-9EB0-BAA5CD2CDBE4}.Release|x64.ActiveCfg = Release|Any CPU
		{3365C027-78B8-427B-9EB0-BAA5CD2CDBE4}.Release|x64.Build.0 = Release|Any CPU
		{3365C027-78B8-427B-9EB0-BAA5CD2CDBE4}.Release|x86.ActiveCfg = Release|Any CPU
		{3365C027-78B8-427B-9EB0-BAA5CD2CDBE4}.Release|x86.Build.0 = Release|Any CPU
		{29A3B2C4-EAC3-4D5A-A78F-44EEC18EFC8E}.Debug|Any CPU.ActiveCfg = Debug|Any CPU
		{29A3B2C4-EAC3-4D5A-A78F-44EEC18EFC8E}.Debug|Any CPU.Build.0 = Debug|Any CPU
		{29A3B2C4-EAC3-4D5A-A78F-44EEC18EFC8E}.Debug|ARM.ActiveCfg = Debug|Any CPU
		{29A3B2C4-EAC3-4D5A-A78F-44EEC18EFC8E}.Debug|ARM.Build.0 = Debug|Any CPU
		{29A3B2C4-EAC3-4D5A-A78F-44EEC18EFC8E}.Debug|x64.ActiveCfg = Debug|Any CPU
		{29A3B2C4-EAC3-4D5A-A78F-44EEC18EFC8E}.Debug|x64.Build.0 = Debug|Any CPU
		{29A3B2C4-EAC3-4D5A-A78F-44EEC18EFC8E}.Debug|x86.ActiveCfg = Debug|Any CPU
		{29A3B2C4-EAC3-4D5A-A78F-44EEC18EFC8E}.Debug|x86.Build.0 = Debug|Any CPU
		{29A3B2C4-EAC3-4D5A-A78F-44EEC18EFC8E}.Release|Any CPU.ActiveCfg = Release|Any CPU
		{29A3B2C4-EAC3-4D5A-A78F-44EEC18EFC8E}.Release|Any CPU.Build.0 = Release|Any CPU
		{29A3B2C4-EAC3-4D5A-A78F-44EEC18EFC8E}.Release|ARM.ActiveCfg = Release|Any CPU
		{29A3B2C4-EAC3-4D5A-A78F-44EEC18EFC8E}.Release|ARM.Build.0 = Release|Any CPU
		{29A3B2C4-EAC3-4D5A-A78F-44EEC18EFC8E}.Release|x64.ActiveCfg = Release|Any CPU
		{29A3B2C4-EAC3-4D5A-A78F-44EEC18EFC8E}.Release|x64.Build.0 = Release|Any CPU
		{29A3B2C4-EAC3-4D5A-A78F-44EEC18EFC8E}.Release|x86.ActiveCfg = Release|Any CPU
		{29A3B2C4-EAC3-4D5A-A78F-44EEC18EFC8E}.Release|x86.Build.0 = Release|Any CPU
	EndGlobalSection
	GlobalSection(SolutionProperties) = preSolution
		HideSolutionNode = FALSE
	EndGlobalSection
	GlobalSection(NestedProjects) = preSolution
		{29A3B2C4-EAC3-4D5A-A78F-44EEC18EFC8E} = {EDD60591-CBF6-4123-B289-553D7482B34C}
	EndGlobalSection
	GlobalSection(ExtensibilityGlobals) = postSolution
		SolutionGuid = {FFCE9963-9F0E-43E6-9071-476F886A999A}
	EndGlobalSection
EndGlobal
